
Microsoft Visual Studio Solution File, Format Version 12.00
# Visual Studio Version 17
VisualStudioVersion = 17.1.32328.378
MinimumVisualStudioVersion = 10.0.40219.1
Project("{FAE04EC0-301F-11D3-BF4B-00C04F79EFBC}") = "SingletonExample", "SingletonExample\SingletonExample.csproj", "{9F1BA588-EDAA-4F76-B9C6-5B509F1F7EAE}"
EndProject
Global
	GlobalSection(SolutionConfigurationPlatforms) = preSolution
		Debug|Any CPU = Debug|Any CPU
		Release|Any CPU = Release|Any CPU
	EndGlobalSection
	GlobalSection(ProjectConfigurationPlatforms) = postSolution
		{9F1BA588-EDAA-4F76-B9C6-5B509F1F7EAE}.Debug|Any CPU.ActiveCfg = Debug|Any CPU
		{9F1BA588-EDAA-4F76-B9C6-5B509F1F7EAE}.Debug|Any CPU.Build.0 = Debug|Any CPU
		{9F1BA588-EDAA-4F76-B9C6-5B509F1F7EAE}.Release|Any CPU.ActiveCfg = Release|Any CPU
		{9F1BA588-EDAA-4F76-B9C6-5B509F1F7EAE}.Release|Any CPU.Build.0 = Release|Any CPU
	EndGlobalSection
	GlobalSection(SolutionProperties) = preSolution
		HideSolutionNode = FALSE
	EndGlobalSection
	GlobalSection(ExtensibilityGlobals) = postSolution
		SolutionGuid = {B3726C06-FF3C-43C2-B241-234C18D8C682}
	EndGlobalSection
EndGlobal
